
Microsoft Visual Studio Solution File, Format Version 12.00
# Visual Studio Version 16
VisualStudioVersion = 16.0.32002.261
MinimumVisualStudioVersion = 10.0.40219.1
Project("{9A19103F-16F7-4668-BE54-9A1E7A4F7556}") = "Sync.API", "Sync.API\Sync.API.csproj", "{366E4291-011D-4BF2-9426-B169C2596B8D}"
EndProject
Global
	GlobalSection(SolutionConfigurationPlatforms) = preSolution
		Debug|Any CPU = Debug|Any CPU
		Release|Any CPU = Release|Any CPU
	EndGlobalSection
	GlobalSection(ProjectConfigurationPlatforms) = postSolution
		{366E4291-011D-4BF2-9426-B169C2596B8D}.Debug|Any CPU.ActiveCfg = Debug|Any CPU
		{366E4291-011D-4BF2-9426-B169C2596B8D}.Debug|Any CPU.Build.0 = Debug|Any CPU
		{366E4291-011D-4BF2-9426-B169C2596B8D}.Release|Any CPU.ActiveCfg = Release|Any CPU
		{366E4291-011D-4BF2-9426-B169C2596B8D}.Release|Any CPU.Build.0 = Release|Any CPU
	EndGlobalSection
	GlobalSection(SolutionProperties) = preSolution
		HideSolutionNode = FALSE
	EndGlobalSection
	GlobalSection(ExtensibilityGlobals) = postSolution
		SolutionGuid = {4CB7761F-1DA5-4AFE-ADD0-CD52C40FA0BF}
	EndGlobalSection
EndGlobal
